
Microsoft Visual Studio Solution File, Format Version 12.00
# Visual Studio 15
Project("{FAE04EC0-301F-11D3-BF4B-00C04F79EFBC}") = "Assembly-CSharp", "Assembly-CSharp.csproj", "{8EA23374-5989-4F30-2637-C90D8186ABB3}"
EndProject
Project("{FAE04EC0-301F-11D3-BF4B-00C04F79EFBC}") = "Assembly-CSharp-firstpass", "Assembly-CSharp-firstpass.csproj", "{AD23208C-2A56-973A-CE33-858FD08517FB}"
EndProject
Global
	GlobalSection(SolutionConfigurationPlatforms) = preSolution
		Debug|Any CPU = Debug|Any CPU
		Release|Any CPU = Release|Any CPU
	EndGlobalSection
	GlobalSection(ProjectConfigurationPlatforms) = postSolution
		{8EA23374-5989-4F30-2637-C90D8186ABB3}.Debug|Any CPU.ActiveCfg = Debug|Any CPU
		{8EA23374-5989-4F30-2637-C90D8186ABB3}.Debug|Any CPU.Build.0 = Debug|Any CPU
		{8EA23374-5989-4F30-2637-C90D8186ABB3}.Release|Any CPU.ActiveCfg = Release|Any CPU
		{8EA23374-5989-4F30-2637-C90D8186ABB3}.Release|Any CPU.Build.0 = Release|Any CPU
		{AD23208C-2A56-973A-CE33-858FD08517FB}.Debug|Any CPU.ActiveCfg = Debug|Any CPU
		{AD23208C-2A56-973A-CE33-858FD08517FB}.Debug|Any CPU.Build.0 = Debug|Any CPU
		{AD23208C-2A56-973A-CE33-858FD08517FB}.Release|Any CPU.ActiveCfg = Release|Any CPU
		{AD23208C-2A56-973A-CE33-858FD08517FB}.Release|Any CPU.Build.0 = Release|Any CPU
	EndGlobalSection
	GlobalSection(SolutionProperties) = preSolution
		HideSolutionNode = FALSE
	EndGlobalSection
EndGlobal
